// !$*UTF8*$!
{
	archiveVersion = 1;
	classes = {
	};
	objectVersion = 50;
	objects = {

/* Begin PBXBuildFile section */
		EF6D4716214AE8BF00425BAC /* DataModel.xcdatamodeld in Sources */ = {isa = PBXBuildFile; fileRef = EF6D4714214AE8BF00425BAC /* DataModel.xcdatamodeld */; };
		EF6D4718214AF8A600425BAC /* CoreDataManager.swift in Sources */ = {isa = PBXBuildFile; fileRef = EF6D4717214AF8A600425BAC /* CoreDataManager.swift */; };
		EF9A76D62156A50800864BED /* EmployeeType.swift in Sources */ = {isa = PBXBuildFile; fileRef = EF9A76D52156A50800864BED /* EmployeeType.swift */; };
		EFA03E082147FA37003D1D4C /* AppDelegate.swift in Sources */ = {isa = PBXBuildFile; fileRef = EFA03E072147FA37003D1D4C /* AppDelegate.swift */; };
		EFA03E0A2147FA37003D1D4C /* CompaniesController.swift in Sources */ = {isa = PBXBuildFile; fileRef = EFA03E092147FA37003D1D4C /* CompaniesController.swift */; };
		EFA03E0D2147FA37003D1D4C /* Main.storyboard in Resources */ = {isa = PBXBuildFile; fileRef = EFA03E0B2147FA37003D1D4C /* Main.storyboard */; };
		EFA03E0F2147FA39003D1D4C /* Assets.xcassets in Resources */ = {isa = PBXBuildFile; fileRef = EFA03E0E2147FA39003D1D4C /* Assets.xcassets */; };
		EFA03E122147FA39003D1D4C /* LaunchScreen.storyboard in Resources */ = {isa = PBXBuildFile; fileRef = EFA03E102147FA39003D1D4C /* LaunchScreen.storyboard */; };
		EFA03E1A2149677A003D1D4C /* UIColor+theme.swift in Sources */ = {isa = PBXBuildFile; fileRef = EFA03E192149677A003D1D4C /* UIColor+theme.swift */; };
		EFA03E1C2149C305003D1D4C /* Company.swift in Sources */ = {isa = PBXBuildFile; fileRef = EFA03E1B2149C305003D1D4C /* Company.swift */; };
		EFA03E1E2149C680003D1D4C /* CreateCompanyController.swift in Sources */ = {isa = PBXBuildFile; fileRef = EFA03E1D2149C680003D1D4C /* CreateCompanyController.swift */; };
		EFA8A5B9214EB75100D3597D /* CompanyCell.swift in Sources */ = {isa = PBXBuildFile; fileRef = EFA8A5B8214EB75100D3597D /* CompanyCell.swift */; };
		EFA8A5BC214EC3CB00D3597D /* CreateCompanyControllerDelegate.swift in Sources */ = {isa = PBXBuildFile; fileRef = EFA8A5BB214EC3CB00D3597D /* CreateCompanyControllerDelegate.swift */; };
		EFA8A5BE214EC57000D3597D /* CompaniesController + UITableView.swift in Sources */ = {isa = PBXBuildFile; fileRef = EFA8A5BD214EC57000D3597D /* CompaniesController + UITableView.swift */; };
		EFA8A5C0214F186700D3597D /* EmployeesController.swift in Sources */ = {isa = PBXBuildFile; fileRef = EFA8A5BF214F186700D3597D /* EmployeesController.swift */; };
		EFA8A5C3214F19EE00D3597D /* UIViewController + Helpers.swift in Sources */ = {isa = PBXBuildFile; fileRef = EFA8A5C2214F19EE00D3597D /* UIViewController + Helpers.swift */; };
		EFA8A5C5214F1B5700D3597D /* CreateEmployeeController.swift in Sources */ = {isa = PBXBuildFile; fileRef = EFA8A5C4214F1B5700D3597D /* CreateEmployeeController.swift */; };
		EFBDC6FE2162A71C0053DE77 /* CompaniesAutoUpdateController.swift in Sources */ = {isa = PBXBuildFile; fileRef = EFBDC6FD2162A71C0053DE77 /* CompaniesAutoUpdateController.swift */; };
/* End PBXBuildFile section */

/* Begin PBXFileReference section */
		EF6D4715214AE8BF00425BAC /* DataModel.xcdatamodel */ = {isa = PBXFileReference; lastKnownFileType = wrapper.xcdatamodel; path = DataModel.xcdatamodel; sourceTree = "<group>"; };
		EF6D4717214AF8A600425BAC /* CoreDataManager.swift */ = {isa = PBXFileReference; lastKnownFileType = sourcecode.swift; path = CoreDataManager.swift; sourceTree = "<group>"; };
		EF9A76D52156A50800864BED /* EmployeeType.swift */ = {isa = PBXFileReference; lastKnownFileType = sourcecode.swift; path = EmployeeType.swift; sourceTree = "<group>"; };
		EFA03E042147FA37003D1D4C /* CoreDataProject.app */ = {isa = PBXFileReference; explicitFileType = wrapper.application; includeInIndex = 0; path = CoreDataProject.app; sourceTree = BUILT_PRODUCTS_DIR; };
		EFA03E072147FA37003D1D4C /* AppDelegate.swift */ = {isa = PBXFileReference; lastKnownFileType = sourcecode.swift; path = AppDelegate.swift; sourceTree = "<group>"; };
		EFA03E092147FA37003D1D4C /* CompaniesController.swift */ = {isa = PBXFileReference; lastKnownFileType = sourcecode.swift; path = CompaniesController.swift; sourceTree = "<group>"; };
		EFA03E0C2147FA37003D1D4C /* Base */ = {isa = PBXFileReference; lastKnownFileType = file.storyboard; name = Base; path = Base.lproj/Main.storyboard; sourceTree = "<group>"; };
		EFA03E0E2147FA39003D1D4C /* Assets.xcassets */ = {isa = PBXFileReference; lastKnownFileType = folder.assetcatalog; path = Assets.xcassets; sourceTree = "<group>"; };
		EFA03E112147FA39003D1D4C /* Base */ = {isa = PBXFileReference; lastKnownFileType = file.storyboard; name = Base; path = Base.lproj/LaunchScreen.storyboard; sourceTree = "<group>"; };
		EFA03E132147FA39003D1D4C /* Info.plist */ = {isa = PBXFileReference; lastKnownFileType = text.plist.xml; path = Info.plist; sourceTree = "<group>"; };
		EFA03E192149677A003D1D4C /* UIColor+theme.swift */ = {isa = PBXFileReference; lastKnownFileType = sourcecode.swift; path = "UIColor+theme.swift"; sourceTree = "<group>"; };
		EFA03E1B2149C305003D1D4C /* Company.swift */ = {isa = PBXFileReference; lastKnownFileType = sourcecode.swift; path = Company.swift; sourceTree = "<group>"; };
		EFA03E1D2149C680003D1D4C /* CreateCompanyController.swift */ = {isa = PBXFileReference; lastKnownFileType = sourcecode.swift; path = CreateCompanyController.swift; sourceTree = "<group>"; };
		EFA8A5B8214EB75100D3597D /* CompanyCell.swift */ = {isa = PBXFileReference; lastKnownFileType = sourcecode.swift; path = CompanyCell.swift; sourceTree = "<group>"; };
		EFA8A5BB214EC3CB00D3597D /* CreateCompanyControllerDelegate.swift */ = {isa = PBXFileReference; lastKnownFileType = sourcecode.swift; path = CreateCompanyControllerDelegate.swift; sourceTree = "<group>"; };
		EFA8A5BD214EC57000D3597D /* CompaniesController + UITableView.swift */ = {isa = PBXFileReference; lastKnownFileType = sourcecode.swift; path = "CompaniesController + UITableView.swift"; sourceTree = "<group>"; };
		EFA8A5BF214F186700D3597D /* EmployeesController.swift */ = {isa = PBXFileReference; lastKnownFileType = sourcecode.swift; path = EmployeesController.swift; sourceTree = "<group>"; };
		EFA8A5C2214F19EE00D3597D /* UIViewController + Helpers.swift */ = {isa = PBXFileReference; lastKnownFileType = sourcecode.swift; path = "UIViewController + Helpers.swift"; sourceTree = "<group>"; };
		EFA8A5C4214F1B5700D3597D /* CreateEmployeeController.swift */ = {isa = PBXFileReference; lastKnownFileType = sourcecode.swift; path = CreateEmployeeController.swift; sourceTree = "<group>"; };
		EFBDC6FD2162A71C0053DE77 /* CompaniesAutoUpdateController.swift */ = {isa = PBXFileReference; lastKnownFileType = sourcecode.swift; path = CompaniesAutoUpdateController.swift; sourceTree = "<group>"; };
/* End PBXFileReference section */

/* Begin PBXFrameworksBuildPhase section */
		EFA03E012147FA37003D1D4C /* Frameworks */ = {
			isa = PBXFrameworksBuildPhase;
			buildActionMask = 2147483647;
			files = (
			);
			runOnlyForDeploymentPostprocessing = 0;
		};
/* End PBXFrameworksBuildPhase section */

/* Begin PBXGroup section */
		EF326B4B21513A200009905B /* Emplyee */ = {
			isa = PBXGroup;
			children = (
				EFA8A5BF214F186700D3597D /* EmployeesController.swift */,
				EFA8A5C4214F1B5700D3597D /* CreateEmployeeController.swift */,
				EF9A76D52156A50800864BED /* EmployeeType.swift */,
			);
			path = Emplyee;
			sourceTree = "<group>";
		};
		EFA03DFB2147FA36003D1D4C = {
			isa = PBXGroup;
			children = (
				EFA03E062147FA37003D1D4C /* CoreDataProject */,
				EFA03E052147FA37003D1D4C /* Products */,
			);
			sourceTree = "<group>";
		};
		EFA03E052147FA37003D1D4C /* Products */ = {
			isa = PBXGroup;
			children = (
				EFA03E042147FA37003D1D4C /* CoreDataProject.app */,
			);
			name = Products;
			sourceTree = "<group>";
		};
		EFA03E062147FA37003D1D4C /* CoreDataProject */ = {
			isa = PBXGroup;
			children = (
				EF326B4B21513A200009905B /* Emplyee */,
				EFA8A5BA214EB98A00D3597D /* Companies */,
				EFA03E0B2147FA37003D1D4C /* Main.storyboard */,
				EFA8A5C1214F19DC00D3597D /* Helpers */,
				EFA03E0E2147FA39003D1D4C /* Assets.xcassets */,
				EFA03E102147FA39003D1D4C /* LaunchScreen.storyboard */,
				EFA03E132147FA39003D1D4C /* Info.plist */,
				EFA03E192149677A003D1D4C /* UIColor+theme.swift */,
				EFA03E1B2149C305003D1D4C /* Company.swift */,
				EFA03E072147FA37003D1D4C /* AppDelegate.swift */,
				EF6D4714214AE8BF00425BAC /* DataModel.xcdatamodeld */,
				EF6D4717214AF8A600425BAC /* CoreDataManager.swift */,
			);
			path = CoreDataProject;
			sourceTree = "<group>";
		};
		EFA8A5BA214EB98A00D3597D /* Companies */ = {
			isa = PBXGroup;
			children = (
				EFA03E092147FA37003D1D4C /* CompaniesController.swift */,
				EFA03E1D2149C680003D1D4C /* CreateCompanyController.swift */,
				EFA8A5B8214EB75100D3597D /* CompanyCell.swift */,
				EFA8A5BB214EC3CB00D3597D /* CreateCompanyControllerDelegate.swift */,
				EFA8A5BD214EC57000D3597D /* CompaniesController + UITableView.swift */,
				EFBDC6FD2162A71C0053DE77 /* CompaniesAutoUpdateController.swift */,
			);
			path = Companies;
			sourceTree = "<group>";
		};
		EFA8A5C1214F19DC00D3597D /* Helpers */ = {
			isa = PBXGroup;
			children = (
				EFA8A5C2214F19EE00D3597D /* UIViewController + Helpers.swift */,
			);
			path = Helpers;
			sourceTree = "<group>";
		};
/* End PBXGroup section */

/* Begin PBXNativeTarget section */
		EFA03E032147FA37003D1D4C /* CoreDataProject */ = {
			isa = PBXNativeTarget;
			buildConfigurationList = EFA03E162147FA39003D1D4C /* Build configuration list for PBXNativeTarget "CoreDataProject" */;
			buildPhases = (
				EFA03E002147FA37003D1D4C /* Sources */,
				EFA03E012147FA37003D1D4C /* Frameworks */,
				EFA03E022147FA37003D1D4C /* Resources */,
			);
			buildRules = (
			);
			dependencies = (
			);
			name = CoreDataProject;
			productName = CoreDataProject;
			productReference = EFA03E042147FA37003D1D4C /* CoreDataProject.app */;
			productType = "com.apple.product-type.application";
		};
/* End PBXNativeTarget section */

/* Begin PBXProject section */
		EFA03DFC2147FA36003D1D4C /* Project object */ = {
			isa = PBXProject;
			attributes = {
				LastSwiftUpdateCheck = 0940;
				LastUpgradeCheck = 0940;
				ORGANIZATIONNAME = "Victor Chang";
				TargetAttributes = {
					EFA03E032147FA37003D1D4C = {
						CreatedOnToolsVersion = 9.4.1;
					};
				};
			};
			buildConfigurationList = EFA03DFF2147FA36003D1D4C /* Build configuration list for PBXProject "CoreDataProject" */;
			compatibilityVersion = "Xcode 9.3";
			developmentRegion = en;
			hasScannedForEncodings = 0;
			knownRegions = (
				en,
				Base,
			);
			mainGroup = EFA03DFB2147FA36003D1D4C;
			productRefGroup = EFA03E052147FA37003D1D4C /* Products */;
			projectDirPath = "";
			projectRoot = "";
			targets = (
				EFA03E032147FA37003D1D4C /* CoreDataProject */,
			);
		};
/* End PBXProject section */

/* Begin PBXResourcesBuildPhase section */
		EFA03E022147FA37003D1D4C /* Resources */ = {
			isa = PBXResourcesBuildPhase;
			buildActionMask = 2147483647;
			files = (
				EFA03E122147FA39003D1D4C /* LaunchScreen.storyboard in Resources */,
				EFA03E0F2147FA39003D1D4C /* Assets.xcassets in Resources */,
				EFA03E0D2147FA37003D1D4C /* Main.storyboard in Resources */,
			);
			runOnlyForDeploymentPostprocessing = 0;
		};
/* End PBXResourcesBuildPhase section */

/* Begin PBXSourcesBuildPhase section */
		EFA03E002147FA37003D1D4C /* Sources */ = {
			isa = PBXSourcesBuildPhase;
			buildActionMask = 2147483647;
			files = (
				EFA8A5C0214F186700D3597D /* EmployeesController.swift in Sources */,
				EFA8A5BC214EC3CB00D3597D /* CreateCompanyControllerDelegate.swift in Sources */,
				EFA8A5BE214EC57000D3597D /* CompaniesController + UITableView.swift in Sources */,
				EFA03E1A2149677A003D1D4C /* UIColor+theme.swift in Sources */,
				EFA03E0A2147FA37003D1D4C /* CompaniesController.swift in Sources */,
				EFA03E1E2149C680003D1D4C /* CreateCompanyController.swift in Sources */,
				EFA8A5B9214EB75100D3597D /* CompanyCell.swift in Sources */,
				EF9A76D62156A50800864BED /* EmployeeType.swift in Sources */,
				EFA8A5C5214F1B5700D3597D /* CreateEmployeeController.swift in Sources */,
				EF6D4716214AE8BF00425BAC /* DataModel.xcdatamodeld in Sources */,
				EFA8A5C3214F19EE00D3597D /* UIViewController + Helpers.swift in Sources */,
				EFBDC6FE2162A71C0053DE77 /* CompaniesAutoUpdateController.swift in Sources */,
				EFA03E082147FA37003D1D4C /* AppDelegate.swift in Sources */,
				EF6D4718214AF8A600425BAC /* CoreDataManager.swift in Sources */,
				EFA03E1C2149C305003D1D4C /* Company.swift in Sources */,
			);
			runOnlyForDeploymentPostprocessing = 0;
		};
/* End PBXSourcesBuildPhase section */

/* Begin PBXVariantGroup section */
		EFA03E0B2147FA37003D1D4C /* Main.storyboard */ = {
			isa = PBXVariantGroup;
			children = (
				EFA03E0C2147FA37003D1D4C /* Base */,
			);
			name = Main.storyboard;
			sourceTree = "<group>";
		};
		EFA03E102147FA39003D1D4C /* LaunchScreen.storyboard */ = {
			isa = PBXVariantGroup;
			children = (
				EFA03E112147FA39003D1D4C /* Base */,
			);
			name = LaunchScreen.storyboard;
			sourceTree = "<group>";
		};
/* End PBXVariantGroup section */

/* Begin XCBuildConfiguration section */
		EFA03E142147FA39003D1D4C /* Debug */ = {
			isa = XCBuildConfiguration;
			buildSettings = {
				ALWAYS_SEARCH_USER_PATHS = NO;
				CLANG_ANALYZER_NONNULL = YES;
				CLANG_ANALYZER_NUMBER_OBJECT_CONVERSION = YES_AGGRESSIVE;
				CLANG_CXX_LANGUAGE_STANDARD = "gnu++14";
				CLANG_CXX_LIBRARY = "libc++";
				CLANG_ENABLE_MODULES = YES;
				CLANG_ENABLE_OBJC_ARC = YES;
				CLANG_ENABLE_OBJC_WEAK = YES;
				CLANG_WARN_BLOCK_CAPTURE_AUTORELEASING = YES;
				CLANG_WARN_BOOL_CONVERSION = YES;
				CLANG_WARN_COMMA = YES;
				CLANG_WARN_CONSTANT_CONVERSION = YES;
				CLANG_WARN_DEPRECATED_OBJC_IMPLEMENTATIONS = YES;
				CLANG_WARN_DIRECT_OBJC_ISA_USAGE = YES_ERROR;
				CLANG_WARN_DOCUMENTATION_COMMENTS = YES;
				CLANG_WARN_EMPTY_BODY = YES;
				CLANG_WARN_ENUM_CONVERSION = YES;
				CLANG_WARN_INFINITE_RECURSION = YES;
				CLANG_WARN_INT_CONVERSION = YES;
				CLANG_WARN_NON_LITERAL_NULL_CONVERSION = YES;
				CLANG_WARN_OBJC_IMPLICIT_RETAIN_SELF = YES;
				CLANG_WARN_OBJC_LITERAL_CONVERSION = YES;
				CLANG_WARN_OBJC_ROOT_CLASS = YES_ERROR;
				CLANG_WARN_RANGE_LOOP_ANALYSIS = YES;
				CLANG_WARN_STRICT_PROTOTYPES = YES;
				CLANG_WARN_SUSPICIOUS_MOVE = YES;
				CLANG_WARN_UNGUARDED_AVAILABILITY = YES_AGGRESSIVE;
				CLANG_WARN_UNREACHABLE_CODE = YES;
				CLANG_WARN__DUPLICATE_METHOD_MATCH = YES;
				CODE_SIGN_IDENTITY = "iPhone Developer";
				COPY_PHASE_STRIP = NO;
				DEBUG_INFORMATION_FORMAT = dwarf;
				ENABLE_STRICT_OBJC_MSGSEND = YES;
				ENABLE_TESTABILITY = YES;
				GCC_C_LANGUAGE_STANDARD = gnu11;
				GCC_DYNAMIC_NO_PIC = NO;
				GCC_NO_COMMON_BLOCKS = YES;
				GCC_OPTIMIZATION_LEVEL = 0;
				GCC_PREPROCESSOR_DEFINITIONS = (
					"DEBUG=1",
					"$(inherited)",
				);
				GCC_WARN_64_TO_32_BIT_CONVERSION = YES;
				GCC_WARN_ABOUT_RETURN_TYPE = YES_ERROR;
				GCC_WARN_UNDECLARED_SELECTOR = YES;
				GCC_WARN_UNINITIALIZED_AUTOS = YES_AGGRESSIVE;
				GCC_WARN_UNUSED_FUNCTION = YES;
				GCC_WARN_UNUSED_VARIABLE = YES;
				IPHONEOS_DEPLOYMENT_TARGET = 11.4;
				MTL_ENABLE_DEBUG_INFO = YES;
				ONLY_ACTIVE_ARCH = YES;
				SDKROOT = iphoneos;
				SWIFT_ACTIVE_COMPILATION_CONDITIONS = DEBUG;
				SWIFT_OPTIMIZATION_LEVEL = "-Onone";
			};
			name = Debug;
		};
		EFA03E152147FA39003D1D4C /* Release */ = {
			isa = XCBuildConfiguration;
			buildSettings = {
				ALWAYS_SEARCH_USER_PATHS = NO;
				CLANG_ANALYZER_NONNULL = YES;
				CLANG_ANALYZER_NUMBER_OBJECT_CONVERSION = YES_AGGRESSIVE;
				CLANG_CXX_LANGUAGE_STANDARD = "gnu++14";
				CLANG_CXX_LIBRARY = "libc++";
				CLANG_ENABLE_MODULES = YES;
				CLANG_ENABLE_OBJC_ARC = YES;
				CLANG_ENABLE_OBJC_WEAK = YES;
				CLANG_WARN_BLOCK_CAPTURE_AUTORELEASING = YES;
				CLANG_WARN_BOOL_CONVERSION = YES;
				CLANG_WARN_COMMA = YES;
				CLANG_WARN_CONSTANT_CONVERSION = YES;
				CLANG_WARN_DEPRECATED_OBJC_IMPLEMENTATIONS = YES;
				CLANG_WARN_DIRECT_OBJC_ISA_USAGE = YES_ERROR;
				CLANG_WARN_DOCUMENTATION_COMMENTS = YES;
				CLANG_WARN_EMPTY_BODY = YES;
				CLANG_WARN_ENUM_CONVERSION = YES;
				CLANG_WARN_INFINITE_RECURSION = YES;
				CLANG_WARN_INT_CONVERSION = YES;
				CLANG_WARN_NON_LITERAL_NULL_CONVERSION = YES;
				CLANG_WARN_OBJC_IMPLICIT_RETAIN_SELF = YES;
				CLANG_WARN_OBJC_LITERAL_CONVERSION = YES;
				CLANG_WARN_OBJC_ROOT_CLASS = YES_ERROR;
				CLANG_WARN_RANGE_LOOP_ANALYSIS = YES;
				CLANG_WARN_STRICT_PROTOTYPES = YES;
				CLANG_WARN_SUSPICIOUS_MOVE = YES;
				CLANG_WARN_UNGUARDED_AVAILABILITY = YES_AGGRESSIVE;
				CLANG_WARN_UNREACHABLE_CODE = YES;
				CLANG_WARN__DUPLICATE_METHOD_MATCH = YES;
				CODE_SIGN_IDENTITY = "iPhone Developer";
				COPY_PHASE_STRIP = NO;
				DEBUG_INFORMATION_FORMAT = "dwarf-with-dsym";
				ENABLE_NS_ASSERTIONS = NO;
				ENABLE_STRICT_OBJC_MSGSEND = YES;
				GCC_C_LANGUAGE_STANDARD = gnu11;
				GCC_NO_COMMON_BLOCKS = YES;
				GCC_WARN_64_TO_32_BIT_CONVERSION = YES;
				GCC_WARN_ABOUT_RETURN_TYPE = YES_ERROR;
				GCC_WARN_UNDECLARED_SELECTOR = YES;
				GCC_WARN_UNINITIALIZED_AUTOS = YES_AGGRESSIVE;
				GCC_WARN_UNUSED_FUNCTION = YES;
				GCC_WARN_UNUSED_VARIABLE = YES;
				IPHONEOS_DEPLOYMENT_TARGET = 11.4;
				MTL_ENABLE_DEBUG_INFO = NO;
				SDKROOT = iphoneos;
				SWIFT_COMPILATION_MODE = wholemodule;
				SWIFT_OPTIMIZATION_LEVEL = "-O";
				VALIDATE_PRODUCT = YES;
			};
			name = Release;
		};
		EFA03E172147FA39003D1D4C /* Debug */ = {
			isa = XCBuildConfiguration;
			buildSettings = {
				ASSETCATALOG_COMPILER_APPICON_NAME = AppIcon;
				CODE_SIGN_STYLE = Automatic;
				DEVELOPMENT_TEAM = XDGVKMUQS5;
				INFOPLIST_FILE = CoreDataProject/Info.plist;
				LD_RUNPATH_SEARCH_PATHS = (
					"$(inherited)",
					"@executable_path/Frameworks",
				);
				PRODUCT_BUNDLE_IDENTIFIER = com.VictorChang.CoreDataProject;
				PRODUCT_NAME = "$(TARGET_NAME)";
				SWIFT_VERSION = 4.0;
				TARGETED_DEVICE_FAMILY = "1,2";
			};
			name = Debug;
		};
		EFA03E182147FA39003D1D4C /* Release */ = {
			isa = XCBuildConfiguration;
			buildSettings = {
				ASSETCATALOG_COMPILER_APPICON_NAME = AppIcon;
				CODE_SIGN_STYLE = Automatic;
				DEVELOPMENT_TEAM = XDGVKMUQS5;
				INFOPLIST_FILE = CoreDataProject/Info.plist;
				LD_RUNPATH_SEARCH_PATHS = (
					"$(inherited)",
					"@executable_path/Frameworks",
				);
				PRODUCT_BUNDLE_IDENTIFIER = com.VictorChang.CoreDataProject;
				PRODUCT_NAME = "$(TARGET_NAME)";
				SWIFT_VERSION = 4.0;
				TARGETED_DEVICE_FAMILY = "1,2";
			};
			name = Release;
		};
/* End XCBuildConfiguration section */

/* Begin XCConfigurationList section */
		EFA03DFF2147FA36003D1D4C /* Build configuration list for PBXProject "CoreDataProject" */ = {
			isa = XCConfigurationList;
			buildConfigurations = (
				EFA03E142147FA39003D1D4C /* Debug */,
				EFA03E152147FA39003D1D4C /* Release */,
			);
			defaultConfigurationIsVisible = 0;
			defaultConfigurationName = Release;
		};
		EFA03E162147FA39003D1D4C /* Build configuration list for PBXNativeTarget "CoreDataProject" */ = {
			isa = XCConfigurationList;
			buildConfigurations = (
				EFA03E172147FA39003D1D4C /* Debug */,
				EFA03E182147FA39003D1D4C /* Release */,
			);
			defaultConfigurationIsVisible = 0;
			defaultConfigurationName = Release;
		};
/* End XCConfigurationList section */

/* Begin XCVersionGroup section */
		EF6D4714214AE8BF00425BAC /* DataModel.xcdatamodeld */ = {
			isa = XCVersionGroup;
			children = (
				EF6D4715214AE8BF00425BAC /* DataModel.xcdatamodel */,
			);
			currentVersion = EF6D4715214AE8BF00425BAC /* DataModel.xcdatamodel */;
			path = DataModel.xcdatamodeld;
			sourceTree = "<group>";
			versionGroupType = wrapper.xcdatamodel;
		};
/* End XCVersionGroup section */
	};
	rootObject = EFA03DFC2147FA36003D1D4C /* Project object */;
}
